// !$*UTF8*$!
{
	archiveVersion = 1;
	classes = {
	};
	objectVersion = 77;
	objects = {

/* Begin PBXBuildFile section */
		A18AB000619CFD216CFCD8AA /* libPods-SUIRN.a in Frameworks */ = {isa = PBXBuildFile; fileRef = F290DA01973B6D328B8313BD /* libPods-SUIRN.a */; };
		C02BD8E729BF59E28C0B49D7 /* PrivacyInfo.xcprivacy in Resources */ = {isa = PBXBuildFile; fileRef = 269C1FA8BAFA6654376A70B1 /* PrivacyInfo.xcprivacy */; };
/* End PBXBuildFile section */

/* Begin PBXContainerItemProxy section */
		B0C12A602DDFF5F100B13422 /* PBXContainerItemProxy */ = {
			isa = PBXContainerItemProxy;
			containerPortal = B0C12A4A2DDFF5F000B13422 /* Project object */;
			proxyType = 1;
			remoteGlobalIDString = B0C12A512DDFF5F000B13422;
			remoteInfo = SUIRN;
		};
		B0C12A6A2DDFF5F100B13422 /* PBXContainerItemProxy */ = {
			isa = PBXContainerItemProxy;
			containerPortal = B0C12A4A2DDFF5F000B13422 /* Project object */;
			proxyType = 1;
			remoteGlobalIDString = B0C12A512DDFF5F000B13422;
			remoteInfo = SUIRN;
		};
/* End PBXContainerItemProxy section */

/* Begin PBXFileReference section */
		1B13B281C358A996964D57BA /* Pods-SUIRN.release.xcconfig */ = {isa = PBXFileReference; includeInIndex = 1; lastKnownFileType = text.xcconfig; name = "Pods-SUIRN.release.xcconfig"; path = "Target Support Files/Pods-SUIRN/Pods-SUIRN.release.xcconfig"; sourceTree = "<group>"; };
		269C1FA8BAFA6654376A70B1 /* PrivacyInfo.xcprivacy */ = {isa = PBXFileReference; includeInIndex = 1; lastKnownFileType = text.xml; path = PrivacyInfo.xcprivacy; sourceTree = "<group>"; };
		65B8D73A185982D604B5754D /* Pods-SUIRN.debug.xcconfig */ = {isa = PBXFileReference; includeInIndex = 1; lastKnownFileType = text.xcconfig; name = "Pods-SUIRN.debug.xcconfig"; path = "Target Support Files/Pods-SUIRN/Pods-SUIRN.debug.xcconfig"; sourceTree = "<group>"; };
		B0C12A522DDFF5F000B13422 /* SUIRN.app */ = {isa = PBXFileReference; explicitFileType = wrapper.application; includeInIndex = 0; path = SUIRN.app; sourceTree = BUILT_PRODUCTS_DIR; };
		B0C12A5F2DDFF5F100B13422 /* SUIRNTests.xctest */ = {isa = PBXFileReference; explicitFileType = wrapper.cfbundle; includeInIndex = 0; path = SUIRNTests.xctest; sourceTree = BUILT_PRODUCTS_DIR; };
		B0C12A692DDFF5F100B13422 /* SUIRNUITests.xctest */ = {isa = PBXFileReference; explicitFileType = wrapper.cfbundle; includeInIndex = 0; path = SUIRNUITests.xctest; sourceTree = BUILT_PRODUCTS_DIR; };
		F290DA01973B6D328B8313BD /* libPods-SUIRN.a */ = {isa = PBXFileReference; explicitFileType = archive.ar; includeInIndex = 0; path = "libPods-SUIRN.a"; sourceTree = BUILT_PRODUCTS_DIR; };
/* End PBXFileReference section */

/* Begin PBXFileSystemSynchronizedBuildFileExceptionSet section */
		B0C12AAD2DE085E900B13422 /* Exceptions for "SUIRN" folder in "SUIRN" target */ = {
			isa = PBXFileSystemSynchronizedBuildFileExceptionSet;
			membershipExceptions = (
				Info.plist,
			);
			target = B0C12A512DDFF5F000B13422 /* SUIRN */;
		};
/* End PBXFileSystemSynchronizedBuildFileExceptionSet section */

/* Begin PBXFileSystemSynchronizedRootGroup section */
		B0C12A542DDFF5F000B13422 /* SUIRN */ = {
			isa = PBXFileSystemSynchronizedRootGroup;
			exceptions = (
				B0C12AAD2DE085E900B13422 /* Exceptions for "SUIRN" folder in "SUIRN" target */,
			);
			path = SUIRN;
			sourceTree = "<group>";
		};
		B0C12A622DDFF5F100B13422 /* SUIRNTests */ = {
			isa = PBXFileSystemSynchronizedRootGroup;
			path = SUIRNTests;
			sourceTree = "<group>";
		};
		B0C12A6C2DDFF5F100B13422 /* SUIRNUITests */ = {
			isa = PBXFileSystemSynchronizedRootGroup;
			path = SUIRNUITests;
			sourceTree = "<group>";
		};
/* End PBXFileSystemSynchronizedRootGroup section */

/* Begin PBXFrameworksBuildPhase section */
		B0C12A4F2DDFF5F000B13422 /* Frameworks */ = {
			isa = PBXFrameworksBuildPhase;
			buildActionMask = 2147483647;
			files = (
				A18AB000619CFD216CFCD8AA /* libPods-SUIRN.a in Frameworks */,
			);
			runOnlyForDeploymentPostprocessing = 0;
		};
		B0C12A5C2DDFF5F100B13422 /* Frameworks */ = {
			isa = PBXFrameworksBuildPhase;
			buildActionMask = 2147483647;
			files = (
			);
			runOnlyForDeploymentPostprocessing = 0;
		};
		B0C12A662DDFF5F100B13422 /* Frameworks */ = {
			isa = PBXFrameworksBuildPhase;
			buildActionMask = 2147483647;
			files = (
			);
			runOnlyForDeploymentPostprocessing = 0;
		};
/* End PBXFrameworksBuildPhase section */

/* Begin PBXGroup section */
		0D8F683B5D8605265886E352 /* Pods */ = {
			isa = PBXGroup;
			children = (
				65B8D73A185982D604B5754D /* Pods-SUIRN.debug.xcconfig */,
				1B13B281C358A996964D57BA /* Pods-SUIRN.release.xcconfig */,
			);
			path = Pods;
			sourceTree = "<group>";
		};
		4F6B40DD365349CB6C7F81B7 /* Frameworks */ = {
			isa = PBXGroup;
			children = (
				F290DA01973B6D328B8313BD /* libPods-SUIRN.a */,
			);
			name = Frameworks;
			sourceTree = "<group>";
		};
		B0C12A492DDFF5F000B13422 = {
			isa = PBXGroup;
			children = (
				B0C12A542DDFF5F000B13422 /* SUIRN */,
				B0C12A622DDFF5F100B13422 /* SUIRNTests */,
				B0C12A6C2DDFF5F100B13422 /* SUIRNUITests */,
				B0C12A532DDFF5F000B13422 /* Products */,
				269C1FA8BAFA6654376A70B1 /* PrivacyInfo.xcprivacy */,
				0D8F683B5D8605265886E352 /* Pods */,
				4F6B40DD365349CB6C7F81B7 /* Frameworks */,
			);
			sourceTree = "<group>";
		};
		B0C12A532DDFF5F000B13422 /* Products */ = {
			isa = PBXGroup;
			children = (
				B0C12A522DDFF5F000B13422 /* SUIRN.app */,
				B0C12A5F2DDFF5F100B13422 /* SUIRNTests.xctest */,
				B0C12A692DDFF5F100B13422 /* SUIRNUITests.xctest */,
			);
			name = Products;
			sourceTree = "<group>";
		};
/* End PBXGroup section */

/* Begin PBXNativeTarget section */
		B0C12A512DDFF5F000B13422 /* SUIRN */ = {
			isa = PBXNativeTarget;
			buildConfigurationList = B0C12A732DDFF5F100B13422 /* Build configuration list for PBXNativeTarget "SUIRN" */;
			buildPhases = (
				C4D821A05C78EFB7C2C71879 /* [CP] Check Pods Manifest.lock */,
				B0C12A4E2DDFF5F000B13422 /* Sources */,
				B0C12A4F2DDFF5F000B13422 /* Frameworks */,
				B0C12A502DDFF5F000B13422 /* Resources */,
				814C73EC79E42A023AADA37A /* [CP] Embed Pods Frameworks */,
				3080AB9126061C8B81292F57 /* [CP] Copy Pods Resources */,
			);
			buildRules = (
			);
			dependencies = (
			);
			fileSystemSynchronizedGroups = (
				B0C12A542DDFF5F000B13422 /* SUIRN */,
			);
			name = SUIRN;
			productName = SUIRN;
			productReference = B0C12A522DDFF5F000B13422 /* SUIRN.app */;
			productType = "com.apple.product-type.application";
		};
		B0C12A5E2DDFF5F100B13422 /* SUIRNTests */ = {
			isa = PBXNativeTarget;
			buildConfigurationList = B0C12A762DDFF5F100B13422 /* Build configuration list for PBXNativeTarget "SUIRNTests" */;
			buildPhases = (
				B0C12A5B2DDFF5F100B13422 /* Sources */,
				B0C12A5C2DDFF5F100B13422 /* Frameworks */,
				B0C12A5D2DDFF5F100B13422 /* Resources */,
			);
			buildRules = (
			);
			dependencies = (
				B0C12A612DDFF5F100B13422 /* PBXTargetDependency */,
			);
			fileSystemSynchronizedGroups = (
				B0C12A622DDFF5F100B13422 /* SUIRNTests */,
			);
			name = SUIRNTests;
			productName = SUIRNTests;
			productReference = B0C12A5F2DDFF5F100B13422 /* SUIRNTests.xctest */;
			productType = "com.apple.product-type.bundle.unit-test";
		};
		B0C12A682DDFF5F100B13422 /* SUIRNUITests */ = {
			isa = PBXNativeTarget;
			buildConfigurationList = B0C12A792DDFF5F100B13422 /* Build configuration list for PBXNativeTarget "SUIRNUITests" */;
			buildPhases = (
				B0C12A652DDFF5F100B13422 /* Sources */,
				B0C12A662DDFF5F100B13422 /* Frameworks */,
				B0C12A672DDFF5F100B13422 /* Resources */,
			);
			buildRules = (
			);
			dependencies = (
				B0C12A6B2DDFF5F100B13422 /* PBXTargetDependency */,
			);
			fileSystemSynchronizedGroups = (
				B0C12A6C2DDFF5F100B13422 /* SUIRNUITests */,
			);
			name = SUIRNUITests;
			productName = SUIRNUITests;
			productReference = B0C12A692DDFF5F100B13422 /* SUIRNUITests.xctest */;
			productType = "com.apple.product-type.bundle.ui-testing";
		};
/* End PBXNativeTarget section */

/* Begin PBXProject section */
		B0C12A4A2DDFF5F000B13422 /* Project object */ = {
			isa = PBXProject;
			attributes = {
				BuildIndependentTargetsInParallel = 1;
				LastSwiftUpdateCheck = 1630;
				LastUpgradeCheck = 1630;
				TargetAttributes = {
					B0C12A512DDFF5F000B13422 = {
						CreatedOnToolsVersion = 16.3;
						LastSwiftMigration = 1630;
					};
					B0C12A5E2DDFF5F100B13422 = {
						CreatedOnToolsVersion = 16.3;
						TestTargetID = B0C12A512DDFF5F000B13422;
					};
					B0C12A682DDFF5F100B13422 = {
						CreatedOnToolsVersion = 16.3;
						TestTargetID = B0C12A512DDFF5F000B13422;
					};
				};
			};
			buildConfigurationList = B0C12A4D2DDFF5F000B13422 /* Build configuration list for PBXProject "SUIRN" */;
			developmentRegion = en;
			hasScannedForEncodings = 0;
			knownRegions = (
				en,
				Base,
			);
			mainGroup = B0C12A492DDFF5F000B13422;
			minimizedProjectReferenceProxies = 1;
			preferredProjectObjectVersion = 77;
			productRefGroup = B0C12A532DDFF5F000B13422 /* Products */;
			projectDirPath = "";
			projectRoot = "";
			targets = (
				B0C12A512DDFF5F000B13422 /* SUIRN */,
				B0C12A5E2DDFF5F100B13422 /* SUIRNTests */,
				B0C12A682DDFF5F100B13422 /* SUIRNUITests */,
			);
		};
/* End PBXProject section */

/* Begin PBXResourcesBuildPhase section */
		B0C12A502DDFF5F000B13422 /* Resources */ = {
			isa = PBXResourcesBuildPhase;
			buildActionMask = 2147483647;
			files = (
				C02BD8E729BF59E28C0B49D7 /* PrivacyInfo.xcprivacy in Resources */,
			);
			runOnlyForDeploymentPostprocessing = 0;
		};
		B0C12A5D2DDFF5F100B13422 /* Resources */ = {
			isa = PBXResourcesBuildPhase;
			buildActionMask = 2147483647;
			files = (
			);
			runOnlyForDeploymentPostprocessing = 0;
		};
		B0C12A672DDFF5F100B13422 /* Resources */ = {
			isa = PBXResourcesBuildPhase;
			buildActionMask = 2147483647;
			files = (
			);
			runOnlyForDeploymentPostprocessing = 0;
		};
/* End PBXResourcesBuildPhase section */

/* Begin PBXShellScriptBuildPhase section */
		3080AB9126061C8B81292F57 /* [CP] Copy Pods Resources */ = {
			isa = PBXShellScriptBuildPhase;
			buildActionMask = 2147483647;
			files = (
			);
			inputFileListPaths = (
				"${PODS_ROOT}/Target Support Files/Pods-SUIRN/Pods-SUIRN-resources-${CONFIGURATION}-input-files.xcfilelist",
			);
			inputPaths = (
			);
			name = "[CP] Copy Pods Resources";
			outputFileListPaths = (
				"${PODS_ROOT}/Target Support Files/Pods-SUIRN/Pods-SUIRN-resources-${CONFIGURATION}-output-files.xcfilelist",
			);
			outputPaths = (
			);
			runOnlyForDeploymentPostprocessing = 0;
			shellPath = /bin/sh;
			shellScript = "\"${PODS_ROOT}/Target Support Files/Pods-SUIRN/Pods-SUIRN-resources.sh\"\n";
			showEnvVarsInLog = 0;
		};
		814C73EC79E42A023AADA37A /* [CP] Embed Pods Frameworks */ = {
			isa = PBXShellScriptBuildPhase;
			buildActionMask = 2147483647;
			files = (
			);
			inputFileListPaths = (
				"${PODS_ROOT}/Target Support Files/Pods-SUIRN/Pods-SUIRN-frameworks-${CONFIGURATION}-input-files.xcfilelist",
			);
			inputPaths = (
			);
			name = "[CP] Embed Pods Frameworks";
			outputFileListPaths = (
				"${PODS_ROOT}/Target Support Files/Pods-SUIRN/Pods-SUIRN-frameworks-${CONFIGURATION}-output-files.xcfilelist",
			);
			outputPaths = (
			);
			runOnlyForDeploymentPostprocessing = 0;
			shellPath = /bin/sh;
			shellScript = "\"${PODS_ROOT}/Target Support Files/Pods-SUIRN/Pods-SUIRN-frameworks.sh\"\n";
			showEnvVarsInLog = 0;
		};
		C4D821A05C78EFB7C2C71879 /* [CP] Check Pods Manifest.lock */ = {
			isa = PBXShellScriptBuildPhase;
			buildActionMask = 2147483647;
			files = (
			);
			inputFileListPaths = (
			);
			inputPaths = (
				"${PODS_PODFILE_DIR_PATH}/Podfile.lock",
				"${PODS_ROOT}/Manifest.lock",
			);
			name = "[CP] Check Pods Manifest.lock";
			outputFileListPaths = (
			);
			outputPaths = (
				"$(DERIVED_FILE_DIR)/Pods-SUIRN-checkManifestLockResult.txt",
			);
			runOnlyForDeploymentPostprocessing = 0;
			shellPath = /bin/sh;
			shellScript = "diff \"${PODS_PODFILE_DIR_PATH}/Podfile.lock\" \"${PODS_ROOT}/Manifest.lock\" > /dev/null\nif [ $? != 0 ] ; then\n    # print error to STDERR\n    echo \"error: The sandbox is not in sync with the Podfile.lock. Run 'pod install' or update your CocoaPods installation.\" >&2\n    exit 1\nfi\n# This output is used by Xcode 'outputs' to avoid re-running this script phase.\necho \"SUCCESS\" > \"${SCRIPT_OUTPUT_FILE_0}\"\n";
			showEnvVarsInLog = 0;
		};
/* End PBXShellScriptBuildPhase section */

/* Begin PBXSourcesBuildPhase section */
		B0C12A4E2DDFF5F000B13422 /* Sources */ = {
			isa = PBXSourcesBuildPhase;
			buildActionMask = 2147483647;
			files = (
			);
			runOnlyForDeploymentPostprocessing = 0;
		};
		B0C12A5B2DDFF5F100B13422 /* Sources */ = {
			isa = PBXSourcesBuildPhase;
			buildActionMask = 2147483647;
			files = (
			);
			runOnlyForDeploymentPostprocessing = 0;
		};
		B0C12A652DDFF5F100B13422 /* Sources */ = {
			isa = PBXSourcesBuildPhase;
			buildActionMask = 2147483647;
			files = (
			);
			runOnlyForDeploymentPostprocessing = 0;
		};
/* End PBXSourcesBuildPhase section */

/* Begin PBXTargetDependency section */
		B0C12A612DDFF5F100B13422 /* PBXTargetDependency */ = {
			isa = PBXTargetDependency;
			target = B0C12A512DDFF5F000B13422 /* SUIRN */;
			targetProxy = B0C12A602DDFF5F100B13422 /* PBXContainerItemProxy */;
		};
		B0C12A6B2DDFF5F100B13422 /* PBXTargetDependency */ = {
			isa = PBXTargetDependency;
			target = B0C12A512DDFF5F000B13422 /* SUIRN */;
			targetProxy = B0C12A6A2DDFF5F100B13422 /* PBXContainerItemProxy */;
		};
/* End PBXTargetDependency section */

/* Begin XCBuildConfiguration section */
		B0C12A712DDFF5F100B13422 /* Debug */ = {
			isa = XCBuildConfiguration;
			buildSettings = {
				ALWAYS_SEARCH_USER_PATHS = NO;
				ASSETCATALOG_COMPILER_GENERATE_SWIFT_ASSET_SYMBOL_EXTENSIONS = YES;
				CLANG_ANALYZER_NONNULL = YES;
				CLANG_ANALYZER_NUMBER_OBJECT_CONVERSION = YES_AGGRESSIVE;
				CLANG_CXX_LANGUAGE_STANDARD = "c++20";
				CLANG_ENABLE_MODULES = YES;
				CLANG_ENABLE_OBJC_ARC = YES;
				CLANG_ENABLE_OBJC_WEAK = YES;
				CLANG_WARN_BLOCK_CAPTURE_AUTORELEASING = YES;
				CLANG_WARN_BOOL_CONVERSION = YES;
				CLANG_WARN_COMMA = YES;
				CLANG_WARN_CONSTANT_CONVERSION = YES;
				CLANG_WARN_DEPRECATED_OBJC_IMPLEMENTATIONS = YES;
				CLANG_WARN_DIRECT_OBJC_ISA_USAGE = YES_ERROR;
				CLANG_WARN_DOCUMENTATION_COMMENTS = YES;
				CLANG_WARN_EMPTY_BODY = YES;
				CLANG_WARN_ENUM_CONVERSION = YES;
				CLANG_WARN_INFINITE_RECURSION = YES;
				CLANG_WARN_INT_CONVERSION = YES;
				CLANG_WARN_NON_LITERAL_NULL_CONVERSION = YES;
				CLANG_WARN_OBJC_IMPLICIT_RETAIN_SELF = YES;
				CLANG_WARN_OBJC_LITERAL_CONVERSION = YES;
				CLANG_WARN_OBJC_ROOT_CLASS = YES_ERROR;
				CLANG_WARN_QUOTED_INCLUDE_IN_FRAMEWORK_HEADER = YES;
				CLANG_WARN_RANGE_LOOP_ANALYSIS = YES;
				CLANG_WARN_STRICT_PROTOTYPES = YES;
				CLANG_WARN_SUSPICIOUS_MOVE = YES;
				CLANG_WARN_UNGUARDED_AVAILABILITY = YES_AGGRESSIVE;
				CLANG_WARN_UNREACHABLE_CODE = YES;
				CLANG_WARN__DUPLICATE_METHOD_MATCH = YES;
				COPY_PHASE_STRIP = NO;
				DEBUG_INFORMATION_FORMAT = dwarf;
				ENABLE_STRICT_OBJC_MSGSEND = YES;
				ENABLE_TESTABILITY = YES;
				ENABLE_USER_SCRIPT_SANDBOXING = YES;
				GCC_C_LANGUAGE_STANDARD = gnu17;
				GCC_DYNAMIC_NO_PIC = NO;
				GCC_NO_COMMON_BLOCKS = YES;
				GCC_OPTIMIZATION_LEVEL = 0;
				GCC_PREPROCESSOR_DEFINITIONS = (
					"DEBUG=1",
					"$(inherited)",
				);
				GCC_WARN_64_TO_32_BIT_CONVERSION = YES;
				GCC_WARN_ABOUT_RETURN_TYPE = YES_ERROR;
				GCC_WARN_UNDECLARED_SELECTOR = YES;
				GCC_WARN_UNINITIALIZED_AUTOS = YES_AGGRESSIVE;
				GCC_WARN_UNUSED_FUNCTION = YES;
				GCC_WARN_UNUSED_VARIABLE = YES;
				IPHONEOS_DEPLOYMENT_TARGET = 18.4;
				LOCALIZATION_PREFERS_STRING_CATALOGS = YES;
				MTL_ENABLE_DEBUG_INFO = INCLUDE_SOURCE;
				MTL_FAST_MATH = YES;
				ONLY_ACTIVE_ARCH = YES;
				OTHER_LDFLAGS = "$(inherited)  ";
				REACT_NATIVE_PATH = "${PODS_ROOT}/../../node_modules/react-native";
				SDKROOT = iphoneos;
				SWIFT_ACTIVE_COMPILATION_CONDITIONS = "$(inherited) DEBUG";
				SWIFT_OPTIMIZATION_LEVEL = "-Onone";
				USE_HERMES = true;
			};
			name = Debug;
		};
		B0C12A722DDFF5F100B13422 /* Release */ = {
			isa = XCBuildConfiguration;
			buildSettings = {
				ALWAYS_SEARCH_USER_PATHS = NO;
				ASSETCATALOG_COMPILER_GENERATE_SWIFT_ASSET_SYMBOL_EXTENSIONS = YES;
				CLANG_ANALYZER_NONNULL = YES;
				CLANG_ANALYZER_NUMBER_OBJECT_CONVERSION = YES_AGGRESSIVE;
				CLANG_CXX_LANGUAGE_STANDARD = "c++20";
				CLANG_ENABLE_MODULES = YES;
				CLANG_ENABLE_OBJC_ARC = YES;
				CLANG_ENABLE_OBJC_WEAK = YES;
				CLANG_WARN_BLOCK_CAPTURE_AUTORELEASING = YES;
				CLANG_WARN_BOOL_CONVERSION = YES;
				CLANG_WARN_COMMA = YES;
				CLANG_WARN_CONSTANT_CONVERSION = YES;
				CLANG_WARN_DEPRECATED_OBJC_IMPLEMENTATIONS = YES;
				CLANG_WARN_DIRECT_OBJC_ISA_USAGE = YES_ERROR;
				CLANG_WARN_DOCUMENTATION_COMMENTS = YES;
				CLANG_WARN_EMPTY_BODY = YES;
				CLANG_WARN_ENUM_CONVERSION = YES;
				CLANG_WARN_INFINITE_RECURSION = YES;
				CLANG_WARN_INT_CONVERSION = YES;
				CLANG_WARN_NON_LITERAL_NULL_CONVERSION = YES;
				CLANG_WARN_OBJC_IMPLICIT_RETAIN_SELF = YES;
				CLANG_WARN_OBJC_LITERAL_CONVERSION = YES;
				CLANG_WARN_OBJC_ROOT_CLASS = YES_ERROR;
				CLANG_WARN_QUOTED_INCLUDE_IN_FRAMEWORK_HEADER = YES;
				CLANG_WARN_RANGE_LOOP_ANALYSIS = YES;
				CLANG_WARN_STRICT_PROTOTYPES = YES;
				CLANG_WARN_SUSPICIOUS_MOVE = YES;
				CLANG_WARN_UNGUARDED_AVAILABILITY = YES_AGGRESSIVE;
				CLANG_WARN_UNREACHABLE_CODE = YES;
				CLANG_WARN__DUPLICATE_METHOD_MATCH = YES;
				COPY_PHASE_STRIP = NO;
				DEBUG_INFORMATION_FORMAT = "dwarf-with-dsym";
				ENABLE_NS_ASSERTIONS = NO;
				ENABLE_STRICT_OBJC_MSGSEND = YES;
				ENABLE_USER_SCRIPT_SANDBOXING = YES;
				GCC_C_LANGUAGE_STANDARD = gnu17;
				GCC_NO_COMMON_BLOCKS = YES;
				GCC_WARN_64_TO_32_BIT_CONVERSION = YES;
				GCC_WARN_ABOUT_RETURN_TYPE = YES_ERROR;
				GCC_WARN_UNDECLARED_SELECTOR = YES;
				GCC_WARN_UNINITIALIZED_AUTOS = YES_AGGRESSIVE;
				GCC_WARN_UNUSED_FUNCTION = YES;
				GCC_WARN_UNUSED_VARIABLE = YES;
				IPHONEOS_DEPLOYMENT_TARGET = 18.4;
				LOCALIZATION_PREFERS_STRING_CATALOGS = YES;
				MTL_ENABLE_DEBUG_INFO = NO;
				MTL_FAST_MATH = YES;
				OTHER_LDFLAGS = "$(inherited)  ";
				REACT_NATIVE_PATH = "${PODS_ROOT}/../../node_modules/react-native";
				SDKROOT = iphoneos;
				SWIFT_COMPILATION_MODE = wholemodule;
				USE_HERMES = true;
				VALIDATE_PRODUCT = YES;
			};
			name = Release;
		};
		B0C12A742DDFF5F100B13422 /* Debug */ = {
			isa = XCBuildConfiguration;
			baseConfigurationReference = 65B8D73A185982D604B5754D /* Pods-SUIRN.debug.xcconfig */;
			buildSettings = {
				ASSETCATALOG_COMPILER_APPICON_NAME = AppIcon;
				ASSETCATALOG_COMPILER_GLOBAL_ACCENT_COLOR_NAME = AccentColor;
				CLANG_ENABLE_MODULES = YES;
				CODE_SIGN_STYLE = Automatic;
				CURRENT_PROJECT_VERSION = 1;
				ENABLE_PREVIEWS = YES;
				ENABLE_USER_SCRIPT_SANDBOXING = NO;
				GENERATE_INFOPLIST_FILE = YES;
				INFOPLIST_FILE = SUIRN/Info.plist;
				INFOPLIST_KEY_UIApplicationSceneManifest_Generation = YES;
				INFOPLIST_KEY_UIApplicationSupportsIndirectInputEvents = YES;
				INFOPLIST_KEY_UILaunchScreen_Generation = YES;
				INFOPLIST_KEY_UISupportedInterfaceOrientations_iPad = "UIInterfaceOrientationPortrait UIInterfaceOrientationPortraitUpsideDown UIInterfaceOrientationLandscapeLeft UIInterfaceOrientationLandscapeRight";
				INFOPLIST_KEY_UISupportedInterfaceOrientations_iPhone = "UIInterfaceOrientationPortrait UIInterfaceOrientationLandscapeLeft UIInterfaceOrientationLandscapeRight";
				LD_RUNPATH_SEARCH_PATHS = (
					"$(inherited)",
					"@executable_path/Frameworks",
				);
				MARKETING_VERSION = 1.0;
				PRODUCT_BUNDLE_IDENTIFIER = me.volonbolon.SUIRN;
				PRODUCT_NAME = "$(TARGET_NAME)";
				SWIFT_EMIT_LOC_STRINGS = YES;
				SWIFT_OBJC_BRIDGING_HEADER = "SUIRN/SUIRN-Bridging-Header.h";
				SWIFT_OPTIMIZATION_LEVEL = "-Onone";
				SWIFT_VERSION = 5.0;
				TARGETED_DEVICE_FAMILY = "1,2";
			};
			name = Debug;
		};
		B0C12A752DDFF5F100B13422 /* Release */ = {
			isa = XCBuildConfiguration;
			baseConfigurationReference = 1B13B281C358A996964D57BA /* Pods-SUIRN.release.xcconfig */;
			buildSettings = {
				ASSETCATALOG_COMPILER_APPICON_NAME = AppIcon;
				ASSETCATALOG_COMPILER_GLOBAL_ACCENT_COLOR_NAME = AccentColor;
				CLANG_ENABLE_MODULES = YES;
				CODE_SIGN_STYLE = Automatic;
				CURRENT_PROJECT_VERSION = 1;
				ENABLE_PREVIEWS = YES;
				ENABLE_USER_SCRIPT_SANDBOXING = NO;
				GENERATE_INFOPLIST_FILE = YES;
				INFOPLIST_FILE = SUIRN/Info.plist;
				INFOPLIST_KEY_UIApplicationSceneManifest_Generation = YES;
				INFOPLIST_KEY_UIApplicationSupportsIndirectInputEvents = YES;
				INFOPLIST_KEY_UILaunchScreen_Generation = YES;
				INFOPLIST_KEY_UISupportedInterfaceOrientations_iPad = "UIInterfaceOrientationPortrait UIInterfaceOrientationPortraitUpsideDown UIInterfaceOrientationLandscapeLeft UIInterfaceOrientationLandscapeRight";
				INFOPLIST_KEY_UISupportedInterfaceOrientations_iPhone = "UIInterfaceOrientationPortrait UIInterfaceOrientationLandscapeLeft UIInterfaceOrientationLandscapeRight";
				LD_RUNPATH_SEARCH_PATHS = (
					"$(inherited)",
					"@executable_path/Frameworks",
				);
				MARKETING_VERSION = 1.0;
				PRODUCT_BUNDLE_IDENTIFIER = me.volonbolon.SUIRN;
				PRODUCT_NAME = "$(TARGET_NAME)";
				SWIFT_EMIT_LOC_STRINGS = YES;
				SWIFT_OBJC_BRIDGING_HEADER = "SUIRN/SUIRN-Bridging-Header.h";
				SWIFT_VERSION = 5.0;
				TARGETED_DEVICE_FAMILY = "1,2";
			};
			name = Release;
		};
		B0C12A772DDFF5F100B13422 /* Debug */ = {
			isa = XCBuildConfiguration;
			buildSettings = {
				BUNDLE_LOADER = "$(TEST_HOST)";
				CODE_SIGN_STYLE = Automatic;
				CURRENT_PROJECT_VERSION = 1;
				GENERATE_INFOPLIST_FILE = YES;
				IPHONEOS_DEPLOYMENT_TARGET = 18.4;
				MARKETING_VERSION = 1.0;
				PRODUCT_BUNDLE_IDENTIFIER = me.volonbolon.SUIRNTests;
				PRODUCT_NAME = "$(TARGET_NAME)";
				SWIFT_EMIT_LOC_STRINGS = NO;
				SWIFT_VERSION = 5.0;
				TARGETED_DEVICE_FAMILY = "1,2";
				TEST_HOST = "$(BUILT_PRODUCTS_DIR)/SUIRN.app/$(BUNDLE_EXECUTABLE_FOLDER_PATH)/SUIRN";
			};
			name = Debug;
		};
		B0C12A782DDFF5F100B13422 /* Release */ = {
			isa = XCBuildConfiguration;
			buildSettings = {
				BUNDLE_LOADER = "$(TEST_HOST)";
				CODE_SIGN_STYLE = Automatic;
				CURRENT_PROJECT_VERSION = 1;
				GENERATE_INFOPLIST_FILE = YES;
				IPHONEOS_DEPLOYMENT_TARGET = 18.4;
				MARKETING_VERSION = 1.0;
				PRODUCT_BUNDLE_IDENTIFIER = me.volonbolon.SUIRNTests;
				PRODUCT_NAME = "$(TARGET_NAME)";
				SWIFT_EMIT_LOC_STRINGS = NO;
				SWIFT_VERSION = 5.0;
				TARGETED_DEVICE_FAMILY = "1,2";
				TEST_HOST = "$(BUILT_PRODUCTS_DIR)/SUIRN.app/$(BUNDLE_EXECUTABLE_FOLDER_PATH)/SUIRN";
			};
			name = Release;
		};
		B0C12A7A2DDFF5F100B13422 /* Debug */ = {
			isa = XCBuildConfiguration;
			buildSettings = {
				CODE_SIGN_STYLE = Automatic;
				CURRENT_PROJECT_VERSION = 1;
				GENERATE_INFOPLIST_FILE = YES;
				MARKETING_VERSION = 1.0;
				PRODUCT_BUNDLE_IDENTIFIER = me.volonbolon.SUIRNUITests;
				PRODUCT_NAME = "$(TARGET_NAME)";
				SWIFT_EMIT_LOC_STRINGS = NO;
				SWIFT_VERSION = 5.0;
				TARGETED_DEVICE_FAMILY = "1,2";
				TEST_TARGET_NAME = SUIRN;
			};
			name = Debug;
		};
		B0C12A7B2DDFF5F100B13422 /* Release */ = {
			isa = XCBuildConfiguration;
			buildSettings = {
				CODE_SIGN_STYLE = Automatic;
				CURRENT_PROJECT_VERSION = 1;
				GENERATE_INFOPLIST_FILE = YES;
				MARKETING_VERSION = 1.0;
				PRODUCT_BUNDLE_IDENTIFIER = me.volonbolon.SUIRNUITests;
				PRODUCT_NAME = "$(TARGET_NAME)";
				SWIFT_EMIT_LOC_STRINGS = NO;
				SWIFT_VERSION = 5.0;
				TARGETED_DEVICE_FAMILY = "1,2";
				TEST_TARGET_NAME = SUIRN;
			};
			name = Release;
		};
/* End XCBuildConfiguration section */

/* Begin XCConfigurationList section */
		B0C12A4D2DDFF5F000B13422 /* Build configuration list for PBXProject "SUIRN" */ = {
			isa = XCConfigurationList;
			buildConfigurations = (
				B0C12A712DDFF5F100B13422 /* Debug */,
				B0C12A722DDFF5F100B13422 /* Release */,
			);
			defaultConfigurationIsVisible = 0;
			defaultConfigurationName = Release;
		};
		B0C12A732DDFF5F100B13422 /* Build configuration list for PBXNativeTarget "SUIRN" */ = {
			isa = XCConfigurationList;
			buildConfigurations = (
				B0C12A742DDFF5F100B13422 /* Debug */,
				B0C12A752DDFF5F100B13422 /* Release */,
			);
			defaultConfigurationIsVisible = 0;
			defaultConfigurationName = Release;
		};
		B0C12A762DDFF5F100B13422 /* Build configuration list for PBXNativeTarget "SUIRNTests" */ = {
			isa = XCConfigurationList;
			buildConfigurations = (
				B0C12A772DDFF5F100B13422 /* Debug */,
				B0C12A782DDFF5F100B13422 /* Release */,
			);
			defaultConfigurationIsVisible = 0;
			defaultConfigurationName = Release;
		};
		B0C12A792DDFF5F100B13422 /* Build configuration list for PBXNativeTarget "SUIRNUITests" */ = {
			isa = XCConfigurationList;
			buildConfigurations = (
				B0C12A7A2DDFF5F100B13422 /* Debug */,
				B0C12A7B2DDFF5F100B13422 /* Release */,
			);
			defaultConfigurationIsVisible = 0;
			defaultConfigurationName = Release;
		};
/* End XCConfigurationList section */
	};
	rootObject = B0C12A4A2DDFF5F000B13422 /* Project object */;
}
